
Microsoft Visual Studio Solution File, Format Version 12.00
# Visual Studio 15
VisualStudioVersion = 15.0.28307.1209
MinimumVisualStudioVersion = 10.0.40219.1
Project("{8BC9CEB8-8B4A-11D0-8D11-00A0C91BC942}") = "uiCore", "uiCore.vcxproj", "{9303DC3D-3605-4039-971D-BA83F40D75CE}"
EndProject
Global
	GlobalSection(SolutionConfigurationPlatforms) = preSolution
		Debug|x64 = Debug|x64
		Release|x64 = Release|x64
	EndGlobalSection
	GlobalSection(ProjectConfigurationPlatforms) = postSolution
		{9303DC3D-3605-4039-971D-BA83F40D75CE}.Debug|x64.ActiveCfg = Debug|x64
		{9303DC3D-3605-4039-971D-BA83F40D75CE}.Debug|x64.Build.0 = Debug|x64
		{9303DC3D-3605-4039-971D-BA83F40D75CE}.Release|x64.ActiveCfg = Release|x64
		{9303DC3D-3605-4039-971D-BA83F40D75CE}.Release|x64.Build.0 = Release|x64
	EndGlobalSection
	GlobalSection(SolutionProperties) = preSolution
		HideSolutionNode = FALSE
	EndGlobalSection
	GlobalSection(ExtensibilityGlobals) = postSolution
		SolutionGuid = {4FF01BD5-2529-422D-98C8-B00FEDDDD283}
	EndGlobalSection
EndGlobal
