Microsoft Visual Studio Solution File, Format Version 12.00
# Visual Studio 15
Project("{2150E333-8FDC-42A3-9474-1A3956D46DE8}") = "CMakePredefinedTargets", "CMakePredefinedTargets", "{4504344C-82FD-3C88-8EED-1E49BD1C4862}"
EndProject
Project("{8BC9CEB8-8B4A-11D0-8D11-00A0C91BC942}") = "ALL_BUILD", "ALL_BUILD.vcxproj", "{CBE5ED10-8B4D-3A3E-918A-6E630D711E1A}"
	ProjectSection(ProjectDependencies) = postProject
		{D389BBC0-8A91-3F94-A463-28F470D535A2} = {D389BBC0-8A91-3F94-A463-28F470D535A2}
		{D7A5E197-06CD-3408-AD92-777758ADF513} = {D7A5E197-06CD-3408-AD92-777758ADF513}
	EndProjectSection
EndProject
Project("{8BC9CEB8-8B4A-11D0-8D11-00A0C91BC942}") = "INSTALL", "INSTALL.vcxproj", "{8DBF5717-92CE-38A3-B92B-D4E373C98021}"
	ProjectSection(ProjectDependencies) = postProject
		{CBE5ED10-8B4D-3A3E-918A-6E630D711E1A} = {CBE5ED10-8B4D-3A3E-918A-6E630D711E1A}
		{D7A5E197-06CD-3408-AD92-777758ADF513} = {D7A5E197-06CD-3408-AD92-777758ADF513}
	EndProjectSection
EndProject
Project("{8BC9CEB8-8B4A-11D0-8D11-00A0C91BC942}") = "TabToolbar", "src\TabToolbar\TabToolbar.vcxproj", "{D389BBC0-8A91-3F94-A463-28F470D535A2}"
	ProjectSection(ProjectDependencies) = postProject
		{D7A5E197-06CD-3408-AD92-777758ADF513} = {D7A5E197-06CD-3408-AD92-777758ADF513}
	EndProjectSection
EndProject
Project("{8BC9CEB8-8B4A-11D0-8D11-00A0C91BC942}") = "ZERO_CHECK", "ZERO_CHECK.vcxproj", "{D7A5E197-06CD-3408-AD92-777758ADF513}"
	ProjectSection(ProjectDependencies) = postProject
	EndProjectSection
EndProject
Global
	GlobalSection(SolutionConfigurationPlatforms) = preSolution
		Debug|x64 = Debug|x64
		Release|x64 = Release|x64
		MinSizeRel|x64 = MinSizeRel|x64
		RelWithDebInfo|x64 = RelWithDebInfo|x64
	EndGlobalSection
	GlobalSection(ProjectConfigurationPlatforms) = postSolution
		{CBE5ED10-8B4D-3A3E-918A-6E630D711E1A}.Debug|x64.ActiveCfg = Debug|x64
		{CBE5ED10-8B4D-3A3E-918A-6E630D711E1A}.Debug|x64.Build.0 = Debug|x64
		{CBE5ED10-8B4D-3A3E-918A-6E630D711E1A}.Release|x64.ActiveCfg = Release|x64
		{CBE5ED10-8B4D-3A3E-918A-6E630D711E1A}.Release|x64.Build.0 = Release|x64
		{CBE5ED10-8B4D-3A3E-918A-6E630D711E1A}.MinSizeRel|x64.ActiveCfg = MinSizeRel|x64
		{CBE5ED10-8B4D-3A3E-918A-6E630D711E1A}.MinSizeRel|x64.Build.0 = MinSizeRel|x64
		{CBE5ED10-8B4D-3A3E-918A-6E630D711E1A}.RelWithDebInfo|x64.ActiveCfg = RelWithDebInfo|x64
		{CBE5ED10-8B4D-3A3E-918A-6E630D711E1A}.RelWithDebInfo|x64.Build.0 = RelWithDebInfo|x64
		{8DBF5717-92CE-38A3-B92B-D4E373C98021}.Debug|x64.ActiveCfg = Debug|x64
		{8DBF5717-92CE-38A3-B92B-D4E373C98021}.Release|x64.ActiveCfg = Release|x64
		{8DBF5717-92CE-38A3-B92B-D4E373C98021}.MinSizeRel|x64.ActiveCfg = MinSizeRel|x64
		{8DBF5717-92CE-38A3-B92B-D4E373C98021}.RelWithDebInfo|x64.ActiveCfg = RelWithDebInfo|x64
		{D389BBC0-8A91-3F94-A463-28F470D535A2}.Debug|x64.ActiveCfg = Debug|x64
		{D389BBC0-8A91-3F94-A463-28F470D535A2}.Debug|x64.Build.0 = Debug|x64
		{D389BBC0-8A91-3F94-A463-28F470D535A2}.Release|x64.ActiveCfg = Release|x64
		{D389BBC0-8A91-3F94-A463-28F470D535A2}.Release|x64.Build.0 = Release|x64
		{D389BBC0-8A91-3F94-A463-28F470D535A2}.MinSizeRel|x64.ActiveCfg = MinSizeRel|x64
		{D389BBC0-8A91-3F94-A463-28F470D535A2}.MinSizeRel|x64.Build.0 = MinSizeRel|x64
		{D389BBC0-8A91-3F94-A463-28F470D535A2}.RelWithDebInfo|x64.ActiveCfg = RelWithDebInfo|x64
		{D389BBC0-8A91-3F94-A463-28F470D535A2}.RelWithDebInfo|x64.Build.0 = RelWithDebInfo|x64
		{D7A5E197-06CD-3408-AD92-777758ADF513}.Debug|x64.ActiveCfg = Debug|x64
		{D7A5E197-06CD-3408-AD92-777758ADF513}.Debug|x64.Build.0 = Debug|x64
		{D7A5E197-06CD-3408-AD92-777758ADF513}.Release|x64.ActiveCfg = Release|x64
		{D7A5E197-06CD-3408-AD92-777758ADF513}.Release|x64.Build.0 = Release|x64
		{D7A5E197-06CD-3408-AD92-777758ADF513}.MinSizeRel|x64.ActiveCfg = MinSizeRel|x64
		{D7A5E197-06CD-3408-AD92-777758ADF513}.MinSizeRel|x64.Build.0 = MinSizeRel|x64
		{D7A5E197-06CD-3408-AD92-777758ADF513}.RelWithDebInfo|x64.ActiveCfg = RelWithDebInfo|x64
		{D7A5E197-06CD-3408-AD92-777758ADF513}.RelWithDebInfo|x64.Build.0 = RelWithDebInfo|x64
	EndGlobalSection
	GlobalSection(NestedProjects) = preSolution
		{CBE5ED10-8B4D-3A3E-918A-6E630D711E1A} = {4504344C-82FD-3C88-8EED-1E49BD1C4862}
		{8DBF5717-92CE-38A3-B92B-D4E373C98021} = {4504344C-82FD-3C88-8EED-1E49BD1C4862}
		{D7A5E197-06CD-3408-AD92-777758ADF513} = {4504344C-82FD-3C88-8EED-1E49BD1C4862}
	EndGlobalSection
	GlobalSection(ExtensibilityGlobals) = postSolution
		SolutionGuid = {A817FB94-8F3C-38AA-A2E0-91BBFC4B35B0}
	EndGlobalSection
	GlobalSection(ExtensibilityAddIns) = postSolution
	EndGlobalSection
EndGlobal
