Microsoft Visual Studio Solution File, Format Version 12.00
# Visual Studio 15
Project("{2150E333-8FDC-42A3-9474-1A3956D46DE8}") = "CMakePredefinedTargets", "CMakePredefinedTargets", "{C2F3F3A1-0B18-36F3-90E3-F6B6DBF7101A}"
EndProject
Project("{8BC9CEB8-8B4A-11D0-8D11-00A0C91BC942}") = "ALL_BUILD", "ALL_BUILD.vcxproj", "{09B31BCE-152E-3ECE-8936-08AC7E8B121B}"
	ProjectSection(ProjectDependencies) = postProject
		{E1913CC6-C112-3E63-85BE-E4EDE2B084DF} = {E1913CC6-C112-3E63-85BE-E4EDE2B084DF}
		{1FCDA950-E768-39D4-96A0-2D270A3E6A89} = {1FCDA950-E768-39D4-96A0-2D270A3E6A89}
	EndProjectSection
EndProject
Project("{8BC9CEB8-8B4A-11D0-8D11-00A0C91BC942}") = "INSTALL", "INSTALL.vcxproj", "{2B53C371-1369-3EC0-AF23-029271274101}"
	ProjectSection(ProjectDependencies) = postProject
		{09B31BCE-152E-3ECE-8936-08AC7E8B121B} = {09B31BCE-152E-3ECE-8936-08AC7E8B121B}
		{1FCDA950-E768-39D4-96A0-2D270A3E6A89} = {1FCDA950-E768-39D4-96A0-2D270A3E6A89}
	EndProjectSection
EndProject
Project("{8BC9CEB8-8B4A-11D0-8D11-00A0C91BC942}") = "TabToolbar", "src\TabToolbar\TabToolbar.vcxproj", "{E1913CC6-C112-3E63-85BE-E4EDE2B084DF}"
	ProjectSection(ProjectDependencies) = postProject
		{1FCDA950-E768-39D4-96A0-2D270A3E6A89} = {1FCDA950-E768-39D4-96A0-2D270A3E6A89}
	EndProjectSection
EndProject
Project("{8BC9CEB8-8B4A-11D0-8D11-00A0C91BC942}") = "ZERO_CHECK", "ZERO_CHECK.vcxproj", "{1FCDA950-E768-39D4-96A0-2D270A3E6A89}"
	ProjectSection(ProjectDependencies) = postProject
	EndProjectSection
EndProject
Global
	GlobalSection(SolutionConfigurationPlatforms) = preSolution
		Debug|x64 = Debug|x64
		Release|x64 = Release|x64
		MinSizeRel|x64 = MinSizeRel|x64
		RelWithDebInfo|x64 = RelWithDebInfo|x64
	EndGlobalSection
	GlobalSection(ProjectConfigurationPlatforms) = postSolution
		{09B31BCE-152E-3ECE-8936-08AC7E8B121B}.Debug|x64.ActiveCfg = Debug|x64
		{09B31BCE-152E-3ECE-8936-08AC7E8B121B}.Debug|x64.Build.0 = Debug|x64
		{09B31BCE-152E-3ECE-8936-08AC7E8B121B}.Release|x64.ActiveCfg = Release|x64
		{09B31BCE-152E-3ECE-8936-08AC7E8B121B}.Release|x64.Build.0 = Release|x64
		{09B31BCE-152E-3ECE-8936-08AC7E8B121B}.MinSizeRel|x64.ActiveCfg = MinSizeRel|x64
		{09B31BCE-152E-3ECE-8936-08AC7E8B121B}.MinSizeRel|x64.Build.0 = MinSizeRel|x64
		{09B31BCE-152E-3ECE-8936-08AC7E8B121B}.RelWithDebInfo|x64.ActiveCfg = RelWithDebInfo|x64
		{09B31BCE-152E-3ECE-8936-08AC7E8B121B}.RelWithDebInfo|x64.Build.0 = RelWithDebInfo|x64
		{2B53C371-1369-3EC0-AF23-029271274101}.Debug|x64.ActiveCfg = Debug|x64
		{2B53C371-1369-3EC0-AF23-029271274101}.Release|x64.ActiveCfg = Release|x64
		{2B53C371-1369-3EC0-AF23-029271274101}.MinSizeRel|x64.ActiveCfg = MinSizeRel|x64
		{2B53C371-1369-3EC0-AF23-029271274101}.RelWithDebInfo|x64.ActiveCfg = RelWithDebInfo|x64
		{E1913CC6-C112-3E63-85BE-E4EDE2B084DF}.Debug|x64.ActiveCfg = Debug|x64
		{E1913CC6-C112-3E63-85BE-E4EDE2B084DF}.Debug|x64.Build.0 = Debug|x64
		{E1913CC6-C112-3E63-85BE-E4EDE2B084DF}.Release|x64.ActiveCfg = Release|x64
		{E1913CC6-C112-3E63-85BE-E4EDE2B084DF}.Release|x64.Build.0 = Release|x64
		{E1913CC6-C112-3E63-85BE-E4EDE2B084DF}.MinSizeRel|x64.ActiveCfg = MinSizeRel|x64
		{E1913CC6-C112-3E63-85BE-E4EDE2B084DF}.MinSizeRel|x64.Build.0 = MinSizeRel|x64
		{E1913CC6-C112-3E63-85BE-E4EDE2B084DF}.RelWithDebInfo|x64.ActiveCfg = RelWithDebInfo|x64
		{E1913CC6-C112-3E63-85BE-E4EDE2B084DF}.RelWithDebInfo|x64.Build.0 = RelWithDebInfo|x64
		{1FCDA950-E768-39D4-96A0-2D270A3E6A89}.Debug|x64.ActiveCfg = Debug|x64
		{1FCDA950-E768-39D4-96A0-2D270A3E6A89}.Debug|x64.Build.0 = Debug|x64
		{1FCDA950-E768-39D4-96A0-2D270A3E6A89}.Release|x64.ActiveCfg = Release|x64
		{1FCDA950-E768-39D4-96A0-2D270A3E6A89}.Release|x64.Build.0 = Release|x64
		{1FCDA950-E768-39D4-96A0-2D270A3E6A89}.MinSizeRel|x64.ActiveCfg = MinSizeRel|x64
		{1FCDA950-E768-39D4-96A0-2D270A3E6A89}.MinSizeRel|x64.Build.0 = MinSizeRel|x64
		{1FCDA950-E768-39D4-96A0-2D270A3E6A89}.RelWithDebInfo|x64.ActiveCfg = RelWithDebInfo|x64
		{1FCDA950-E768-39D4-96A0-2D270A3E6A89}.RelWithDebInfo|x64.Build.0 = RelWithDebInfo|x64
	EndGlobalSection
	GlobalSection(NestedProjects) = preSolution
		{09B31BCE-152E-3ECE-8936-08AC7E8B121B} = {C2F3F3A1-0B18-36F3-90E3-F6B6DBF7101A}
		{2B53C371-1369-3EC0-AF23-029271274101} = {C2F3F3A1-0B18-36F3-90E3-F6B6DBF7101A}
		{1FCDA950-E768-39D4-96A0-2D270A3E6A89} = {C2F3F3A1-0B18-36F3-90E3-F6B6DBF7101A}
	EndGlobalSection
	GlobalSection(ExtensibilityGlobals) = postSolution
		SolutionGuid = {A11BA1B8-C6C1-3B33-8C6E-D7D2E18B9983}
	EndGlobalSection
	GlobalSection(ExtensibilityAddIns) = postSolution
	EndGlobalSection
EndGlobal
